
Microsoft Visual Studio Solution File, Format Version 12.00
# Visual Studio Version 16
VisualStudioVersion = 16.0.31624.102
MinimumVisualStudioVersion = 10.0.40219.1
Project("{FAE04EC0-301F-11D3-BF4B-00C04F79EFBC}") = "REG_MARK_LIB", "REG_MARK_LIB\REG_MARK_LIB.csproj", "{F3590537-BA50-4CED-9D4B-944DF9B5C95E}"
EndProject
Project("{FAE04EC0-301F-11D3-BF4B-00C04F79EFBC}") = "UnitTestRegMark", "UnitTestRegMark\UnitTestRegMark.csproj", "{3F905D8E-DB21-47D7-9B5F-BDFAE7CA3468}"
EndProject
Global
	GlobalSection(SolutionConfigurationPlatforms) = preSolution
		Debug|Any CPU = Debug|Any CPU
		Release|Any CPU = Release|Any CPU
	EndGlobalSection
	GlobalSection(ProjectConfigurationPlatforms) = postSolution
		{F3590537-BA50-4CED-9D4B-944DF9B5C95E}.Debug|Any CPU.ActiveCfg = Debug|Any CPU
		{F3590537-BA50-4CED-9D4B-944DF9B5C95E}.Debug|Any CPU.Build.0 = Debug|Any CPU
		{F3590537-BA50-4CED-9D4B-944DF9B5C95E}.Release|Any CPU.ActiveCfg = Release|Any CPU
		{F3590537-BA50-4CED-9D4B-944DF9B5C95E}.Release|Any CPU.Build.0 = Release|Any CPU
		{3F905D8E-DB21-47D7-9B5F-BDFAE7CA3468}.Debug|Any CPU.ActiveCfg = Debug|Any CPU
		{3F905D8E-DB21-47D7-9B5F-BDFAE7CA3468}.Debug|Any CPU.Build.0 = Debug|Any CPU
		{3F905D8E-DB21-47D7-9B5F-BDFAE7CA3468}.Release|Any CPU.ActiveCfg = Release|Any CPU
		{3F905D8E-DB21-47D7-9B5F-BDFAE7CA3468}.Release|Any CPU.Build.0 = Release|Any CPU
	EndGlobalSection
	GlobalSection(SolutionProperties) = preSolution
		HideSolutionNode = FALSE
	EndGlobalSection
	GlobalSection(ExtensibilityGlobals) = postSolution
		SolutionGuid = {AB329228-38C4-43EF-A12B-5840939B7362}
	EndGlobalSection
EndGlobal
